// !$*UTF8*$!
{
	archiveVersion = 1;
	classes = {
	};
	objectVersion = 46;
	objects = {

/* Begin PBXBuildFile section */
		2770E774325B51D1C3DB5C34 /* Pods_SmartRssReader.framework in Frameworks */ = {isa = PBXBuildFile; fileRef = C774D954EB710D1791855701 /* Pods_SmartRssReader.framework */; };
		72142F3B1F7C15B90097A44E /* Logger.swift in Sources */ = {isa = PBXBuildFile; fileRef = 72142F3A1F7C15B90097A44E /* Logger.swift */; };
		72142F3D1F7C19070097A44E /* FavouriteViewController.swift in Sources */ = {isa = PBXBuildFile; fileRef = 72142F3C1F7C19070097A44E /* FavouriteViewController.swift */; };
		7214E42D1F7D639000665431 /* FavouriteCell.swift in Sources */ = {isa = PBXBuildFile; fileRef = 7214E42C1F7D639000665431 /* FavouriteCell.swift */; };
		7255B6301F670A210054CB04 /* AppDelegate.swift in Sources */ = {isa = PBXBuildFile; fileRef = 7255B62F1F670A210054CB04 /* AppDelegate.swift */; };
		7255B6351F670A210054CB04 /* Main.storyboard in Resources */ = {isa = PBXBuildFile; fileRef = 7255B6331F670A210054CB04 /* Main.storyboard */; };
		7255B6371F670A210054CB04 /* Assets.xcassets in Resources */ = {isa = PBXBuildFile; fileRef = 7255B6361F670A210054CB04 /* Assets.xcassets */; };
		7255B63A1F670A210054CB04 /* LaunchScreen.storyboard in Resources */ = {isa = PBXBuildFile; fileRef = 7255B6381F670A210054CB04 /* LaunchScreen.storyboard */; };
		7255B6451F670A220054CB04 /* SmartRssReaderTests.swift in Sources */ = {isa = PBXBuildFile; fileRef = 7255B6441F670A220054CB04 /* SmartRssReaderTests.swift */; };
		7255B6501F670A220054CB04 /* SmartRssReaderUITests.swift in Sources */ = {isa = PBXBuildFile; fileRef = 7255B64F1F670A220054CB04 /* SmartRssReaderUITests.swift */; };
		7255B6601F670B010054CB04 /* ChanelProviding.swift in Sources */ = {isa = PBXBuildFile; fileRef = 7255B65F1F670B010054CB04 /* ChanelProviding.swift */; };
		7255B6631F670B300054CB04 /* ChanelType.swift in Sources */ = {isa = PBXBuildFile; fileRef = 7255B6621F670B300054CB04 /* ChanelType.swift */; };
		7255B6651F670E9B0054CB04 /* ChanelsViewController.swift in Sources */ = {isa = PBXBuildFile; fileRef = 7255B6641F670E9B0054CB04 /* ChanelsViewController.swift */; };
		7255B6671F670F060054CB04 /* MainViewController.swift in Sources */ = {isa = PBXBuildFile; fileRef = 7255B6661F670F060054CB04 /* MainViewController.swift */; };
		728595C61F796F6E00C83148 /* Extensions.swift in Sources */ = {isa = PBXBuildFile; fileRef = 728595C51F796F6E00C83148 /* Extensions.swift */; };
		728595C91F79743B00C83148 /* CoreDataStack.swift in Sources */ = {isa = PBXBuildFile; fileRef = 728595C81F79743B00C83148 /* CoreDataStack.swift */; };
		72EB8EDC1F6EBE4C00CD0B45 /* RequestFactory.swift in Sources */ = {isa = PBXBuildFile; fileRef = 72EB8EDB1F6EBE4C00CD0B45 /* RequestFactory.swift */; };
		72EB8EDE1F6EC78300CD0B45 /* Result.swift in Sources */ = {isa = PBXBuildFile; fileRef = 72EB8EDD1F6EC78300CD0B45 /* Result.swift */; };
		72EB8EE01F6ED4D300CD0B45 /* Parser.swift in Sources */ = {isa = PBXBuildFile; fileRef = 72EB8EDF1F6ED4D300CD0B45 /* Parser.swift */; };
		72EB8EE61F70375700CD0B45 /* FeedCell.swift in Sources */ = {isa = PBXBuildFile; fileRef = 72EB8EE51F70375700CD0B45 /* FeedCell.swift */; };
		72EB8EE71F703AA300CD0B45 /* AEXML.framework in Frameworks */ = {isa = PBXBuildFile; fileRef = 72EB8EE21F6ED59400CD0B45 /* AEXML.framework */; };
		72EB8EE81F703AA300CD0B45 /* AEXML.framework in Embed Frameworks */ = {isa = PBXBuildFile; fileRef = 72EB8EE21F6ED59400CD0B45 /* AEXML.framework */; settings = {ATTRIBUTES = (CodeSignOnCopy, RemoveHeadersOnCopy, ); }; };
		72FCFB0F1F6D78E200815CB2 /* AbstractNetwork.swift in Sources */ = {isa = PBXBuildFile; fileRef = 72FCFB0E1F6D78E200815CB2 /* AbstractNetwork.swift */; };
		72FCFB111F6D798800815CB2 /* FeedType.swift in Sources */ = {isa = PBXBuildFile; fileRef = 72FCFB101F6D798800815CB2 /* FeedType.swift */; };
/* End PBXBuildFile section */

/* Begin PBXContainerItemProxy section */
		7255B6411F670A220054CB04 /* PBXContainerItemProxy */ = {
			isa = PBXContainerItemProxy;
			containerPortal = 7255B6241F670A210054CB04 /* Project object */;
			proxyType = 1;
			remoteGlobalIDString = 7255B62B1F670A210054CB04;
			remoteInfo = SmartRssReader;
		};
		7255B64C1F670A220054CB04 /* PBXContainerItemProxy */ = {
			isa = PBXContainerItemProxy;
			containerPortal = 7255B6241F670A210054CB04 /* Project object */;
			proxyType = 1;
			remoteGlobalIDString = 7255B62B1F670A210054CB04;
			remoteInfo = SmartRssReader;
		};
/* End PBXContainerItemProxy section */

/* Begin PBXCopyFilesBuildPhase section */
		72EB8EE91F703AA300CD0B45 /* Embed Frameworks */ = {
			isa = PBXCopyFilesBuildPhase;
			buildActionMask = 2147483647;
			dstPath = "";
			dstSubfolderSpec = 10;
			files = (
				72EB8EE81F703AA300CD0B45 /* AEXML.framework in Embed Frameworks */,
			);
			name = "Embed Frameworks";
			runOnlyForDeploymentPostprocessing = 0;
		};
/* End PBXCopyFilesBuildPhase section */

/* Begin PBXFileReference section */
		72142F3A1F7C15B90097A44E /* Logger.swift */ = {isa = PBXFileReference; lastKnownFileType = sourcecode.swift; name = Logger.swift; path = Logger/Logger.swift; sourceTree = "<group>"; };
		72142F3C1F7C19070097A44E /* FavouriteViewController.swift */ = {isa = PBXFileReference; lastKnownFileType = sourcecode.swift; name = FavouriteViewController.swift; path = ViewControllers/FavouriteViewController.swift; sourceTree = "<group>"; };
		7214E42C1F7D639000665431 /* FavouriteCell.swift */ = {isa = PBXFileReference; lastKnownFileType = sourcecode.swift; name = FavouriteCell.swift; path = Views/FavouriteCell.swift; sourceTree = "<group>"; };
		7255B62C1F670A210054CB04 /* SmartRssReader.app */ = {isa = PBXFileReference; explicitFileType = wrapper.application; includeInIndex = 0; path = SmartRssReader.app; sourceTree = BUILT_PRODUCTS_DIR; };
		7255B62F1F670A210054CB04 /* AppDelegate.swift */ = {isa = PBXFileReference; lastKnownFileType = sourcecode.swift; path = AppDelegate.swift; sourceTree = "<group>"; };
		7255B6341F670A210054CB04 /* Base */ = {isa = PBXFileReference; lastKnownFileType = file.storyboard; name = Base; path = Base.lproj/Main.storyboard; sourceTree = "<group>"; };
		7255B6361F670A210054CB04 /* Assets.xcassets */ = {isa = PBXFileReference; lastKnownFileType = folder.assetcatalog; path = Assets.xcassets; sourceTree = "<group>"; };
		7255B6391F670A210054CB04 /* Base */ = {isa = PBXFileReference; lastKnownFileType = file.storyboard; name = Base; path = Base.lproj/LaunchScreen.storyboard; sourceTree = "<group>"; };
		7255B63B1F670A210054CB04 /* Info.plist */ = {isa = PBXFileReference; lastKnownFileType = text.plist.xml; path = Info.plist; sourceTree = "<group>"; };
		7255B6401F670A220054CB04 /* SmartRssReaderTests.xctest */ = {isa = PBXFileReference; explicitFileType = wrapper.cfbundle; includeInIndex = 0; path = SmartRssReaderTests.xctest; sourceTree = BUILT_PRODUCTS_DIR; };
		7255B6441F670A220054CB04 /* SmartRssReaderTests.swift */ = {isa = PBXFileReference; lastKnownFileType = sourcecode.swift; path = SmartRssReaderTests.swift; sourceTree = "<group>"; };
		7255B6461F670A220054CB04 /* Info.plist */ = {isa = PBXFileReference; lastKnownFileType = text.plist.xml; path = Info.plist; sourceTree = "<group>"; };
		7255B64B1F670A220054CB04 /* SmartRssReaderUITests.xctest */ = {isa = PBXFileReference; explicitFileType = wrapper.cfbundle; includeInIndex = 0; path = SmartRssReaderUITests.xctest; sourceTree = BUILT_PRODUCTS_DIR; };
		7255B64F1F670A220054CB04 /* SmartRssReaderUITests.swift */ = {isa = PBXFileReference; lastKnownFileType = sourcecode.swift; path = SmartRssReaderUITests.swift; sourceTree = "<group>"; };
		7255B6511F670A220054CB04 /* Info.plist */ = {isa = PBXFileReference; lastKnownFileType = text.plist.xml; path = Info.plist; sourceTree = "<group>"; };
		7255B65F1F670B010054CB04 /* ChanelProviding.swift */ = {isa = PBXFileReference; fileEncoding = 4; lastKnownFileType = sourcecode.swift; name = ChanelProviding.swift; path = Providers/ChanelProviding.swift; sourceTree = "<group>"; };
		7255B6621F670B300054CB04 /* ChanelType.swift */ = {isa = PBXFileReference; fileEncoding = 4; lastKnownFileType = sourcecode.swift; name = ChanelType.swift; path = Models/ChanelType.swift; sourceTree = "<group>"; };
		7255B6641F670E9B0054CB04 /* ChanelsViewController.swift */ = {isa = PBXFileReference; fileEncoding = 4; lastKnownFileType = sourcecode.swift; name = ChanelsViewController.swift; path = ViewControllers/ChanelsViewController.swift; sourceTree = "<group>"; };
		7255B6661F670F060054CB04 /* MainViewController.swift */ = {isa = PBXFileReference; fileEncoding = 4; lastKnownFileType = sourcecode.swift; name = MainViewController.swift; path = ViewControllers/MainViewController.swift; sourceTree = "<group>"; };
		728595C51F796F6E00C83148 /* Extensions.swift */ = {isa = PBXFileReference; lastKnownFileType = sourcecode.swift; name = Extensions.swift; path = Utils/Extensions.swift; sourceTree = "<group>"; };
		728595C81F79743B00C83148 /* CoreDataStack.swift */ = {isa = PBXFileReference; lastKnownFileType = sourcecode.swift; name = CoreDataStack.swift; path = CoreData/CoreDataStack.swift; sourceTree = "<group>"; };
		72EB8EDB1F6EBE4C00CD0B45 /* RequestFactory.swift */ = {isa = PBXFileReference; fileEncoding = 4; lastKnownFileType = sourcecode.swift; name = RequestFactory.swift; path = Network/RequestFactory.swift; sourceTree = "<group>"; };
		72EB8EDD1F6EC78300CD0B45 /* Result.swift */ = {isa = PBXFileReference; fileEncoding = 4; lastKnownFileType = sourcecode.swift; name = Result.swift; path = Network/Result.swift; sourceTree = "<group>"; };
		72EB8EDF1F6ED4D300CD0B45 /* Parser.swift */ = {isa = PBXFileReference; fileEncoding = 4; lastKnownFileType = sourcecode.swift; name = Parser.swift; path = Network/Parser.swift; sourceTree = "<group>"; };
		72EB8EE21F6ED59400CD0B45 /* AEXML.framework */ = {isa = PBXFileReference; lastKnownFileType = wrapper.framework; name = AEXML.framework; path = Carthage/Build/iOS/AEXML.framework; sourceTree = "<group>"; };
		72EB8EE51F70375700CD0B45 /* FeedCell.swift */ = {isa = PBXFileReference; fileEncoding = 4; lastKnownFileType = sourcecode.swift; name = FeedCell.swift; path = Views/FeedCell.swift; sourceTree = "<group>"; };
		72FCFB0E1F6D78E200815CB2 /* AbstractNetwork.swift */ = {isa = PBXFileReference; fileEncoding = 4; lastKnownFileType = sourcecode.swift; name = AbstractNetwork.swift; path = Network/AbstractNetwork.swift; sourceTree = "<group>"; };
		72FCFB101F6D798800815CB2 /* FeedType.swift */ = {isa = PBXFileReference; fileEncoding = 4; lastKnownFileType = sourcecode.swift; name = FeedType.swift; path = Models/FeedType.swift; sourceTree = "<group>"; };
		C774D954EB710D1791855701 /* Pods_SmartRssReader.framework */ = {isa = PBXFileReference; explicitFileType = wrapper.framework; includeInIndex = 0; path = Pods_SmartRssReader.framework; sourceTree = BUILT_PRODUCTS_DIR; };
		E1452258FF641318281E3F65 /* Pods-SmartRssReader.release.xcconfig */ = {isa = PBXFileReference; includeInIndex = 1; lastKnownFileType = text.xcconfig; name = "Pods-SmartRssReader.release.xcconfig"; path = "Pods/Target Support Files/Pods-SmartRssReader/Pods-SmartRssReader.release.xcconfig"; sourceTree = "<group>"; };
		F6D292BBFF7D56C8ED2C0215 /* Pods-SmartRssReader.debug.xcconfig */ = {isa = PBXFileReference; includeInIndex = 1; lastKnownFileType = text.xcconfig; name = "Pods-SmartRssReader.debug.xcconfig"; path = "Pods/Target Support Files/Pods-SmartRssReader/Pods-SmartRssReader.debug.xcconfig"; sourceTree = "<group>"; };
/* End PBXFileReference section */

/* Begin PBXFrameworksBuildPhase section */
		7255B6291F670A210054CB04 /* Frameworks */ = {
			isa = PBXFrameworksBuildPhase;
			buildActionMask = 2147483647;
			files = (
				72EB8EE71F703AA300CD0B45 /* AEXML.framework in Frameworks */,
				2770E774325B51D1C3DB5C34 /* Pods_SmartRssReader.framework in Frameworks */,
			);
			runOnlyForDeploymentPostprocessing = 0;
		};
		7255B63D1F670A220054CB04 /* Frameworks */ = {
			isa = PBXFrameworksBuildPhase;
			buildActionMask = 2147483647;
			files = (
			);
			runOnlyForDeploymentPostprocessing = 0;
		};
		7255B6481F670A220054CB04 /* Frameworks */ = {
			isa = PBXFrameworksBuildPhase;
			buildActionMask = 2147483647;
			files = (
			);
			runOnlyForDeploymentPostprocessing = 0;
		};
/* End PBXFrameworksBuildPhase section */

/* Begin PBXGroup section */
		2B7AB287A567F5D5B519C04D /* Pods */ = {
			isa = PBXGroup;
			children = (
				F6D292BBFF7D56C8ED2C0215 /* Pods-SmartRssReader.debug.xcconfig */,
				E1452258FF641318281E3F65 /* Pods-SmartRssReader.release.xcconfig */,
			);
			name = Pods;
			sourceTree = "<group>";
		};
		72142F391F7C159E0097A44E /* Logger */ = {
			isa = PBXGroup;
			children = (
				72142F3A1F7C15B90097A44E /* Logger.swift */,
			);
			name = Logger;
			sourceTree = "<group>";
		};
		7255B6231F670A210054CB04 = {
			isa = PBXGroup;
			children = (
				7255B62E1F670A210054CB04 /* SmartRssReader */,
				7255B6431F670A220054CB04 /* SmartRssReaderTests */,
				7255B64E1F670A220054CB04 /* SmartRssReaderUITests */,
				7255B62D1F670A210054CB04 /* Products */,
				72EB8EE11F6ED59400CD0B45 /* Frameworks */,
				2B7AB287A567F5D5B519C04D /* Pods */,
			);
			sourceTree = "<group>";
		};
		7255B62D1F670A210054CB04 /* Products */ = {
			isa = PBXGroup;
			children = (
				7255B62C1F670A210054CB04 /* SmartRssReader.app */,
				7255B6401F670A220054CB04 /* SmartRssReaderTests.xctest */,
				7255B64B1F670A220054CB04 /* SmartRssReaderUITests.xctest */,
			);
			name = Products;
			sourceTree = "<group>";
		};
		7255B62E1F670A210054CB04 /* SmartRssReader */ = {
			isa = PBXGroup;
			children = (
				72142F391F7C159E0097A44E /* Logger */,
				728595C71F79742800C83148 /* CoreData */,
				728595C41F796B8200C83148 /* Utils */,
				72EB8EE41F70373E00CD0B45 /* Views */,
				72FCFB0D1F6D785F00815CB2 /* Network */,
				7255B6611F670B1A0054CB04 /* Models */,
				7255B65E1F670AC50054CB04 /* Providers */,
				7255B65D1F670A920054CB04 /* ViewControllers */,
				7255B62F1F670A210054CB04 /* AppDelegate.swift */,
				7255B6331F670A210054CB04 /* Main.storyboard */,
				7255B6361F670A210054CB04 /* Assets.xcassets */,
				7255B6381F670A210054CB04 /* LaunchScreen.storyboard */,
				7255B63B1F670A210054CB04 /* Info.plist */,
			);
			path = SmartRssReader;
			sourceTree = "<group>";
		};
		7255B6431F670A220054CB04 /* SmartRssReaderTests */ = {
			isa = PBXGroup;
			children = (
				7255B6441F670A220054CB04 /* SmartRssReaderTests.swift */,
				7255B6461F670A220054CB04 /* Info.plist */,
			);
			path = SmartRssReaderTests;
			sourceTree = "<group>";
		};
		7255B64E1F670A220054CB04 /* SmartRssReaderUITests */ = {
			isa = PBXGroup;
			children = (
				7255B64F1F670A220054CB04 /* SmartRssReaderUITests.swift */,
				7255B6511F670A220054CB04 /* Info.plist */,
			);
			path = SmartRssReaderUITests;
			sourceTree = "<group>";
		};
		7255B65D1F670A920054CB04 /* ViewControllers */ = {
			isa = PBXGroup;
			children = (
				7255B6641F670E9B0054CB04 /* ChanelsViewController.swift */,
				7255B6661F670F060054CB04 /* MainViewController.swift */,
				72142F3C1F7C19070097A44E /* FavouriteViewController.swift */,
			);
			name = ViewControllers;
			sourceTree = "<group>";
		};
		7255B65E1F670AC50054CB04 /* Providers */ = {
			isa = PBXGroup;
			children = (
				7255B65F1F670B010054CB04 /* ChanelProviding.swift */,
			);
			name = Providers;
			sourceTree = "<group>";
		};
		7255B6611F670B1A0054CB04 /* Models */ = {
			isa = PBXGroup;
			children = (
				7255B6621F670B300054CB04 /* ChanelType.swift */,
				72FCFB101F6D798800815CB2 /* FeedType.swift */,
			);
			name = Models;
			sourceTree = "<group>";
		};
		728595C41F796B8200C83148 /* Utils */ = {
			isa = PBXGroup;
			children = (
				728595C51F796F6E00C83148 /* Extensions.swift */,
			);
			name = Utils;
			sourceTree = "<group>";
		};
		728595C71F79742800C83148 /* CoreData */ = {
			isa = PBXGroup;
			children = (
				728595C81F79743B00C83148 /* CoreDataStack.swift */,
			);
			name = CoreData;
			sourceTree = "<group>";
		};
		72EB8EE11F6ED59400CD0B45 /* Frameworks */ = {
			isa = PBXGroup;
			children = (
				72EB8EE21F6ED59400CD0B45 /* AEXML.framework */,
				C774D954EB710D1791855701 /* Pods_SmartRssReader.framework */,
			);
			name = Frameworks;
			sourceTree = "<group>";
		};
		72EB8EE41F70373E00CD0B45 /* Views */ = {
			isa = PBXGroup;
			children = (
				72EB8EE51F70375700CD0B45 /* FeedCell.swift */,
				7214E42C1F7D639000665431 /* FavouriteCell.swift */,
			);
			name = Views;
			sourceTree = "<group>";
		};
		72FCFB0D1F6D785F00815CB2 /* Network */ = {
			isa = PBXGroup;
			children = (
				72FCFB0E1F6D78E200815CB2 /* AbstractNetwork.swift */,
				72EB8EDB1F6EBE4C00CD0B45 /* RequestFactory.swift */,
				72EB8EDD1F6EC78300CD0B45 /* Result.swift */,
				72EB8EDF1F6ED4D300CD0B45 /* Parser.swift */,
			);
			name = Network;
			sourceTree = "<group>";
		};
/* End PBXGroup section */

/* Begin PBXNativeTarget section */
		7255B62B1F670A210054CB04 /* SmartRssReader */ = {
			isa = PBXNativeTarget;
			buildConfigurationList = 7255B6541F670A220054CB04 /* Build configuration list for PBXNativeTarget "SmartRssReader" */;
			buildPhases = (
				00648D019662A8659747163B /* [CP] Check Pods Manifest.lock */,
				7255B6281F670A210054CB04 /* Sources */,
				7255B6291F670A210054CB04 /* Frameworks */,
				7255B62A1F670A210054CB04 /* Resources */,
				72EB8EE91F703AA300CD0B45 /* Embed Frameworks */,
				DFD9B54B7A7654D058746461 /* [CP] Embed Pods Frameworks */,
				46F4484644D90824A602513C /* [CP] Copy Pods Resources */,
			);
			buildRules = (
			);
			dependencies = (
			);
			name = SmartRssReader;
			productName = SmartRssReader;
			productReference = 7255B62C1F670A210054CB04 /* SmartRssReader.app */;
			productType = "com.apple.product-type.application";
		};
		7255B63F1F670A220054CB04 /* SmartRssReaderTests */ = {
			isa = PBXNativeTarget;
			buildConfigurationList = 7255B6571F670A220054CB04 /* Build configuration list for PBXNativeTarget "SmartRssReaderTests" */;
			buildPhases = (
				7255B63C1F670A220054CB04 /* Sources */,
				7255B63D1F670A220054CB04 /* Frameworks */,
				7255B63E1F670A220054CB04 /* Resources */,
			);
			buildRules = (
			);
			dependencies = (
				7255B6421F670A220054CB04 /* PBXTargetDependency */,
			);
			name = SmartRssReaderTests;
			productName = SmartRssReaderTests;
			productReference = 7255B6401F670A220054CB04 /* SmartRssReaderTests.xctest */;
			productType = "com.apple.product-type.bundle.unit-test";
		};
		7255B64A1F670A220054CB04 /* SmartRssReaderUITests */ = {
			isa = PBXNativeTarget;
			buildConfigurationList = 7255B65A1F670A220054CB04 /* Build configuration list for PBXNativeTarget "SmartRssReaderUITests" */;
			buildPhases = (
				7255B6471F670A220054CB04 /* Sources */,
				7255B6481F670A220054CB04 /* Frameworks */,
				7255B6491F670A220054CB04 /* Resources */,
			);
			buildRules = (
			);
			dependencies = (
				7255B64D1F670A220054CB04 /* PBXTargetDependency */,
			);
			name = SmartRssReaderUITests;
			productName = SmartRssReaderUITests;
			productReference = 7255B64B1F670A220054CB04 /* SmartRssReaderUITests.xctest */;
			productType = "com.apple.product-type.bundle.ui-testing";
		};
/* End PBXNativeTarget section */

/* Begin PBXProject section */
		7255B6241F670A210054CB04 /* Project object */ = {
			isa = PBXProject;
			attributes = {
				LastSwiftUpdateCheck = 0830;
				LastUpgradeCheck = 0830;
				ORGANIZATIONNAME = appdev4everyone;
				TargetAttributes = {
					7255B62B1F670A210054CB04 = {
						CreatedOnToolsVersion = 8.3.3;
						DevelopmentTeam = EUR9M2AGH3;
						ProvisioningStyle = Automatic;
					};
					7255B63F1F670A220054CB04 = {
						CreatedOnToolsVersion = 8.3.3;
						DevelopmentTeam = EUR9M2AGH3;
						ProvisioningStyle = Automatic;
						TestTargetID = 7255B62B1F670A210054CB04;
					};
					7255B64A1F670A220054CB04 = {
						CreatedOnToolsVersion = 8.3.3;
						DevelopmentTeam = EUR9M2AGH3;
						ProvisioningStyle = Automatic;
						TestTargetID = 7255B62B1F670A210054CB04;
					};
				};
			};
			buildConfigurationList = 7255B6271F670A210054CB04 /* Build configuration list for PBXProject "SmartRssReader" */;
			compatibilityVersion = "Xcode 3.2";
			developmentRegion = English;
			hasScannedForEncodings = 0;
			knownRegions = (
				en,
				Base,
			);
			mainGroup = 7255B6231F670A210054CB04;
			productRefGroup = 7255B62D1F670A210054CB04 /* Products */;
			projectDirPath = "";
			projectRoot = "";
			targets = (
				7255B62B1F670A210054CB04 /* SmartRssReader */,
				7255B63F1F670A220054CB04 /* SmartRssReaderTests */,
				7255B64A1F670A220054CB04 /* SmartRssReaderUITests */,
			);
		};
/* End PBXProject section */

/* Begin PBXResourcesBuildPhase section */
		7255B62A1F670A210054CB04 /* Resources */ = {
			isa = PBXResourcesBuildPhase;
			buildActionMask = 2147483647;
			files = (
				7255B63A1F670A210054CB04 /* LaunchScreen.storyboard in Resources */,
				7255B6371F670A210054CB04 /* Assets.xcassets in Resources */,
				7255B6351F670A210054CB04 /* Main.storyboard in Resources */,
			);
			runOnlyForDeploymentPostprocessing = 0;
		};
		7255B63E1F670A220054CB04 /* Resources */ = {
			isa = PBXResourcesBuildPhase;
			buildActionMask = 2147483647;
			files = (
			);
			runOnlyForDeploymentPostprocessing = 0;
		};
		7255B6491F670A220054CB04 /* Resources */ = {
			isa = PBXResourcesBuildPhase;
			buildActionMask = 2147483647;
			files = (
			);
			runOnlyForDeploymentPostprocessing = 0;
		};
/* End PBXResourcesBuildPhase section */

/* Begin PBXShellScriptBuildPhase section */
		00648D019662A8659747163B /* [CP] Check Pods Manifest.lock */ = {
			isa = PBXShellScriptBuildPhase;
			buildActionMask = 2147483647;
			files = (
			);
			inputPaths = (
			);
			name = "[CP] Check Pods Manifest.lock";
			outputPaths = (
			);
			runOnlyForDeploymentPostprocessing = 0;
			shellPath = /bin/sh;
			shellScript = "diff \"${PODS_ROOT}/../Podfile.lock\" \"${PODS_ROOT}/Manifest.lock\" > /dev/null\nif [ $? != 0 ] ; then\n    # print error to STDERR\n    echo \"error: The sandbox is not in sync with the Podfile.lock. Run 'pod install' or update your CocoaPods installation.\" >&2\n    exit 1\nfi\n";
			showEnvVarsInLog = 0;
		};
		46F4484644D90824A602513C /* [CP] Copy Pods Resources */ = {
			isa = PBXShellScriptBuildPhase;
			buildActionMask = 2147483647;
			files = (
			);
			inputPaths = (
			);
			name = "[CP] Copy Pods Resources";
			outputPaths = (
			);
			runOnlyForDeploymentPostprocessing = 0;
			shellPath = /bin/sh;
			shellScript = "\"${SRCROOT}/Pods/Target Support Files/Pods-SmartRssReader/Pods-SmartRssReader-resources.sh\"\n";
			showEnvVarsInLog = 0;
		};
		DFD9B54B7A7654D058746461 /* [CP] Embed Pods Frameworks */ = {
			isa = PBXShellScriptBuildPhase;
			buildActionMask = 2147483647;
			files = (
			);
			inputPaths = (
			);
			name = "[CP] Embed Pods Frameworks";
			outputPaths = (
			);
			runOnlyForDeploymentPostprocessing = 0;
			shellPath = /bin/sh;
			shellScript = "\"${SRCROOT}/Pods/Target Support Files/Pods-SmartRssReader/Pods-SmartRssReader-frameworks.sh\"\n";
			showEnvVarsInLog = 0;
		};
/* End PBXShellScriptBuildPhase section */

/* Begin PBXSourcesBuildPhase section */
		7255B6281F670A210054CB04 /* Sources */ = {
			isa = PBXSourcesBuildPhase;
			buildActionMask = 2147483647;
			files = (
				72EB8EDE1F6EC78300CD0B45 /* Result.swift in Sources */,
				72EB8EDC1F6EBE4C00CD0B45 /* RequestFactory.swift in Sources */,
				72EB8EE01F6ED4D300CD0B45 /* Parser.swift in Sources */,
				7214E42D1F7D639000665431 /* FavouriteCell.swift in Sources */,
				7255B6651F670E9B0054CB04 /* ChanelsViewController.swift in Sources */,
				72EB8EE61F70375700CD0B45 /* FeedCell.swift in Sources */,
				7255B6631F670B300054CB04 /* ChanelType.swift in Sources */,
				728595C91F79743B00C83148 /* CoreDataStack.swift in Sources */,
				72FCFB0F1F6D78E200815CB2 /* AbstractNetwork.swift in Sources */,
				728595C61F796F6E00C83148 /* Extensions.swift in Sources */,
				72FCFB111F6D798800815CB2 /* FeedType.swift in Sources */,
				7255B6601F670B010054CB04 /* ChanelProviding.swift in Sources */,
				72142F3B1F7C15B90097A44E /* Logger.swift in Sources */,
				7255B6301F670A210054CB04 /* AppDelegate.swift in Sources */,
				72142F3D1F7C19070097A44E /* FavouriteViewController.swift in Sources */,
				7255B6671F670F060054CB04 /* MainViewController.swift in Sources */,
			);
			runOnlyForDeploymentPostprocessing = 0;
		};
		7255B63C1F670A220054CB04 /* Sources */ = {
			isa = PBXSourcesBuildPhase;
			buildActionMask = 2147483647;
			files = (
				7255B6451F670A220054CB04 /* SmartRssReaderTests.swift in Sources */,
			);
			runOnlyForDeploymentPostprocessing = 0;
		};
		7255B6471F670A220054CB04 /* Sources */ = {
			isa = PBXSourcesBuildPhase;
			buildActionMask = 2147483647;
			files = (
				7255B6501F670A220054CB04 /* SmartRssReaderUITests.swift in Sources */,
			);
			runOnlyForDeploymentPostprocessing = 0;
		};
/* End PBXSourcesBuildPhase section */

/* Begin PBXTargetDependency section */
		7255B6421F670A220054CB04 /* PBXTargetDependency */ = {
			isa = PBXTargetDependency;
			target = 7255B62B1F670A210054CB04 /* SmartRssReader */;
			targetProxy = 7255B6411F670A220054CB04 /* PBXContainerItemProxy */;
		};
		7255B64D1F670A220054CB04 /* PBXTargetDependency */ = {
			isa = PBXTargetDependency;
			target = 7255B62B1F670A210054CB04 /* SmartRssReader */;
			targetProxy = 7255B64C1F670A220054CB04 /* PBXContainerItemProxy */;
		};
/* End PBXTargetDependency section */

/* Begin PBXVariantGroup section */
		7255B6331F670A210054CB04 /* Main.storyboard */ = {
			isa = PBXVariantGroup;
			children = (
				7255B6341F670A210054CB04 /* Base */,
			);
			name = Main.storyboard;
			sourceTree = "<group>";
		};
		7255B6381F670A210054CB04 /* LaunchScreen.storyboard */ = {
			isa = PBXVariantGroup;
			children = (
				7255B6391F670A210054CB04 /* Base */,
			);
			name = LaunchScreen.storyboard;
			sourceTree = "<group>";
		};
/* End PBXVariantGroup section */

/* Begin XCBuildConfiguration section */
		7255B6521F670A220054CB04 /* Debug */ = {
			isa = XCBuildConfiguration;
			buildSettings = {
				ALWAYS_SEARCH_USER_PATHS = NO;
				CLANG_ANALYZER_NONNULL = YES;
				CLANG_ANALYZER_NUMBER_OBJECT_CONVERSION = YES_AGGRESSIVE;
				CLANG_CXX_LANGUAGE_STANDARD = "gnu++0x";
				CLANG_CXX_LIBRARY = "libc++";
				CLANG_ENABLE_MODULES = YES;
				CLANG_ENABLE_OBJC_ARC = YES;
				CLANG_WARN_BOOL_CONVERSION = YES;
				CLANG_WARN_CONSTANT_CONVERSION = YES;
				CLANG_WARN_DIRECT_OBJC_ISA_USAGE = YES_ERROR;
				CLANG_WARN_DOCUMENTATION_COMMENTS = YES;
				CLANG_WARN_EMPTY_BODY = YES;
				CLANG_WARN_ENUM_CONVERSION = YES;
				CLANG_WARN_INFINITE_RECURSION = YES;
				CLANG_WARN_INT_CONVERSION = YES;
				CLANG_WARN_OBJC_ROOT_CLASS = YES_ERROR;
				CLANG_WARN_SUSPICIOUS_MOVE = YES;
				CLANG_WARN_UNREACHABLE_CODE = YES;
				CLANG_WARN__DUPLICATE_METHOD_MATCH = YES;
				"CODE_SIGN_IDENTITY[sdk=iphoneos*]" = "iPhone Developer";
				COPY_PHASE_STRIP = NO;
				DEBUG_INFORMATION_FORMAT = dwarf;
				ENABLE_STRICT_OBJC_MSGSEND = YES;
				ENABLE_TESTABILITY = YES;
				GCC_C_LANGUAGE_STANDARD = gnu99;
				GCC_DYNAMIC_NO_PIC = NO;
				GCC_NO_COMMON_BLOCKS = YES;
				GCC_OPTIMIZATION_LEVEL = 0;
				GCC_PREPROCESSOR_DEFINITIONS = (
					"DEBUG=1",
					"$(inherited)",
				);
				GCC_WARN_64_TO_32_BIT_CONVERSION = YES;
				GCC_WARN_ABOUT_RETURN_TYPE = YES_ERROR;
				GCC_WARN_UNDECLARED_SELECTOR = YES;
				GCC_WARN_UNINITIALIZED_AUTOS = YES_AGGRESSIVE;
				GCC_WARN_UNUSED_FUNCTION = YES;
				GCC_WARN_UNUSED_VARIABLE = YES;
				IPHONEOS_DEPLOYMENT_TARGET = 10.3;
				MTL_ENABLE_DEBUG_INFO = YES;
				ONLY_ACTIVE_ARCH = YES;
				SDKROOT = iphoneos;
				SWIFT_ACTIVE_COMPILATION_CONDITIONS = DEBUG;
				SWIFT_OPTIMIZATION_LEVEL = "-Onone";
				TARGETED_DEVICE_FAMILY = "1,2";
			};
			name = Debug;
		};
		7255B6531F670A220054CB04 /* Release */ = {
			isa = XCBuildConfiguration;
			buildSettings = {
				ALWAYS_SEARCH_USER_PATHS = NO;
				CLANG_ANALYZER_NONNULL = YES;
				CLANG_ANALYZER_NUMBER_OBJECT_CONVERSION = YES_AGGRESSIVE;
				CLANG_CXX_LANGUAGE_STANDARD = "gnu++0x";
				CLANG_CXX_LIBRARY = "libc++";
				CLANG_ENABLE_MODULES = YES;
				CLANG_ENABLE_OBJC_ARC = YES;
				CLANG_WARN_BOOL_CONVERSION = YES;
				CLANG_WARN_CONSTANT_CONVERSION = YES;
				CLANG_WARN_DIRECT_OBJC_ISA_USAGE = YES_ERROR;
				CLANG_WARN_DOCUMENTATION_COMMENTS = YES;
				CLANG_WARN_EMPTY_BODY = YES;
				CLANG_WARN_ENUM_CONVERSION = YES;
				CLANG_WARN_INFINITE_RECURSION = YES;
				CLANG_WARN_INT_CONVERSION = YES;
				CLANG_WARN_OBJC_ROOT_CLASS = YES_ERROR;
				CLANG_WARN_SUSPICIOUS_MOVE = YES;
				CLANG_WARN_UNREACHABLE_CODE = YES;
				CLANG_WARN__DUPLICATE_METHOD_MATCH = YES;
				"CODE_SIGN_IDENTITY[sdk=iphoneos*]" = "iPhone Developer";
				COPY_PHASE_STRIP = NO;
				DEBUG_INFORMATION_FORMAT = "dwarf-with-dsym";
				ENABLE_NS_ASSERTIONS = NO;
				ENABLE_STRICT_OBJC_MSGSEND = YES;
				GCC_C_LANGUAGE_STANDARD = gnu99;
				GCC_NO_COMMON_BLOCKS = YES;
				GCC_WARN_64_TO_32_BIT_CONVERSION = YES;
				GCC_WARN_ABOUT_RETURN_TYPE = YES_ERROR;
				GCC_WARN_UNDECLARED_SELECTOR = YES;
				GCC_WARN_UNINITIALIZED_AUTOS = YES_AGGRESSIVE;
				GCC_WARN_UNUSED_FUNCTION = YES;
				GCC_WARN_UNUSED_VARIABLE = YES;
				IPHONEOS_DEPLOYMENT_TARGET = 10.3;
				MTL_ENABLE_DEBUG_INFO = NO;
				SDKROOT = iphoneos;
				SWIFT_OPTIMIZATION_LEVEL = "-Owholemodule";
				TARGETED_DEVICE_FAMILY = "1,2";
				VALIDATE_PRODUCT = YES;
			};
			name = Release;
		};
		7255B6551F670A220054CB04 /* Debug */ = {
			isa = XCBuildConfiguration;
			baseConfigurationReference = F6D292BBFF7D56C8ED2C0215 /* Pods-SmartRssReader.debug.xcconfig */;
			buildSettings = {
				ASSETCATALOG_COMPILER_APPICON_NAME = AppIcon;
				DEVELOPMENT_TEAM = EUR9M2AGH3;
				FRAMEWORK_SEARCH_PATHS = (
					"$(inherited)",
					"$(PROJECT_DIR)/Carthage/Build/iOS",
				);
				INFOPLIST_FILE = SmartRssReader/Info.plist;
				LD_RUNPATH_SEARCH_PATHS = "$(inherited) @executable_path/Frameworks";
				PRODUCT_BUNDLE_IDENTIFIER = appdev4everyone.SmartRssReader;
				PRODUCT_NAME = "$(TARGET_NAME)";
				SWIFT_VERSION = 4.0;
			};
			name = Debug;
		};
		7255B6561F670A220054CB04 /* Release */ = {
			isa = XCBuildConfiguration;
			baseConfigurationReference = E1452258FF641318281E3F65 /* Pods-SmartRssReader.release.xcconfig */;
			buildSettings = {
				ASSETCATALOG_COMPILER_APPICON_NAME = AppIcon;
				DEVELOPMENT_TEAM = EUR9M2AGH3;
				FRAMEWORK_SEARCH_PATHS = (
					"$(inherited)",
					"$(PROJECT_DIR)/Carthage/Build/iOS",
				);
				INFOPLIST_FILE = SmartRssReader/Info.plist;
				LD_RUNPATH_SEARCH_PATHS = "$(inherited) @executable_path/Frameworks";
				PRODUCT_BUNDLE_IDENTIFIER = appdev4everyone.SmartRssReader;
				PRODUCT_NAME = "$(TARGET_NAME)";
				SWIFT_VERSION = 4.0;
			};
			name = Release;
		};
		7255B6581F670A220054CB04 /* Debug */ = {
			isa = XCBuildConfiguration;
			buildSettings = {
				ALWAYS_EMBED_SWIFT_STANDARD_LIBRARIES = YES;
				BUNDLE_LOADER = "$(TEST_HOST)";
				DEVELOPMENT_TEAM = EUR9M2AGH3;
				INFOPLIST_FILE = SmartRssReaderTests/Info.plist;
				LD_RUNPATH_SEARCH_PATHS = "$(inherited) @executable_path/Frameworks @loader_path/Frameworks";
				PRODUCT_BUNDLE_IDENTIFIER = appdev4everyone.SmartRssReaderTests;
				PRODUCT_NAME = "$(TARGET_NAME)";
				SWIFT_VERSION = 3.0;
				TEST_HOST = "$(BUILT_PRODUCTS_DIR)/SmartRssReader.app/SmartRssReader";
			};
			name = Debug;
		};
		7255B6591F670A220054CB04 /* Release */ = {
			isa = XCBuildConfiguration;
			buildSettings = {
				ALWAYS_EMBED_SWIFT_STANDARD_LIBRARIES = YES;
				BUNDLE_LOADER = "$(TEST_HOST)";
				DEVELOPMENT_TEAM = EUR9M2AGH3;
				INFOPLIST_FILE = SmartRssReaderTests/Info.plist;
				LD_RUNPATH_SEARCH_PATHS = "$(inherited) @executable_path/Frameworks @loader_path/Frameworks";
				PRODUCT_BUNDLE_IDENTIFIER = appdev4everyone.SmartRssReaderTests;
				PRODUCT_NAME = "$(TARGET_NAME)";
				SWIFT_VERSION = 3.0;
				TEST_HOST = "$(BUILT_PRODUCTS_DIR)/SmartRssReader.app/SmartRssReader";
			};
			name = Release;
		};
		7255B65B1F670A220054CB04 /* Debug */ = {
			isa = XCBuildConfiguration;
			buildSettings = {
				ALWAYS_EMBED_SWIFT_STANDARD_LIBRARIES = YES;
				DEVELOPMENT_TEAM = EUR9M2AGH3;
				INFOPLIST_FILE = SmartRssReaderUITests/Info.plist;
				LD_RUNPATH_SEARCH_PATHS = "$(inherited) @executable_path/Frameworks @loader_path/Frameworks";
				PRODUCT_BUNDLE_IDENTIFIER = appdev4everyone.SmartRssReaderUITests;
				PRODUCT_NAME = "$(TARGET_NAME)";
				SWIFT_VERSION = 3.0;
				TEST_TARGET_NAME = SmartRssReader;
			};
			name = Debug;
		};
		7255B65C1F670A220054CB04 /* Release */ = {
			isa = XCBuildConfiguration;
			buildSettings = {
				ALWAYS_EMBED_SWIFT_STANDARD_LIBRARIES = YES;
				DEVELOPMENT_TEAM = EUR9M2AGH3;
				INFOPLIST_FILE = SmartRssReaderUITests/Info.plist;
				LD_RUNPATH_SEARCH_PATHS = "$(inherited) @executable_path/Frameworks @loader_path/Frameworks";
				PRODUCT_BUNDLE_IDENTIFIER = appdev4everyone.SmartRssReaderUITests;
				PRODUCT_NAME = "$(TARGET_NAME)";
				SWIFT_VERSION = 3.0;
				TEST_TARGET_NAME = SmartRssReader;
			};
			name = Release;
		};
/* End XCBuildConfiguration section */

/* Begin XCConfigurationList section */
		7255B6271F670A210054CB04 /* Build configuration list for PBXProject "SmartRssReader" */ = {
			isa = XCConfigurationList;
			buildConfigurations = (
				7255B6521F670A220054CB04 /* Debug */,
				7255B6531F670A220054CB04 /* Release */,
			);
			defaultConfigurationIsVisible = 0;
			defaultConfigurationName = Release;
		};
		7255B6541F670A220054CB04 /* Build configuration list for PBXNativeTarget "SmartRssReader" */ = {
			isa = XCConfigurationList;
			buildConfigurations = (
				7255B6551F670A220054CB04 /* Debug */,
				7255B6561F670A220054CB04 /* Release */,
			);
			defaultConfigurationIsVisible = 0;
			defaultConfigurationName = Release;
		};
		7255B6571F670A220054CB04 /* Build configuration list for PBXNativeTarget "SmartRssReaderTests" */ = {
			isa = XCConfigurationList;
			buildConfigurations = (
				7255B6581F670A220054CB04 /* Debug */,
				7255B6591F670A220054CB04 /* Release */,
			);
			defaultConfigurationIsVisible = 0;
			defaultConfigurationName = Release;
		};
		7255B65A1F670A220054CB04 /* Build configuration list for PBXNativeTarget "SmartRssReaderUITests" */ = {
			isa = XCConfigurationList;
			buildConfigurations = (
				7255B65B1F670A220054CB04 /* Debug */,
				7255B65C1F670A220054CB04 /* Release */,
			);
			defaultConfigurationIsVisible = 0;
			defaultConfigurationName = Release;
		};
/* End XCConfigurationList section */
	};
	rootObject = 7255B6241F670A210054CB04 /* Project object */;
}
